
Microsoft Visual Studio Solution File, Format Version 12.00
# Visual Studio Version 17
VisualStudioVersion = 17.5.33424.131
MinimumVisualStudioVersion = 10.0.40219.1
Project("{FAE04EC0-301F-11D3-BF4B-00C04F79EFBC}") = "NETFLIX", "NETFLIX\NETFLIX.csproj", "{DA56FB86-F606-464D-9830-000130D8FC8D}"
EndProject
Global
	GlobalSection(SolutionConfigurationPlatforms) = preSolution
		Debug|Any CPU = Debug|Any CPU
		Release|Any CPU = Release|Any CPU
	EndGlobalSection
	GlobalSection(ProjectConfigurationPlatforms) = postSolution
		{DA56FB86-F606-464D-9830-000130D8FC8D}.Debug|Any CPU.ActiveCfg = Debug|Any CPU
		{DA56FB86-F606-464D-9830-000130D8FC8D}.Debug|Any CPU.Build.0 = Debug|Any CPU
		{DA56FB86-F606-464D-9830-000130D8FC8D}.Release|Any CPU.ActiveCfg = Release|Any CPU
		{DA56FB86-F606-464D-9830-000130D8FC8D}.Release|Any CPU.Build.0 = Release|Any CPU
	EndGlobalSection
	GlobalSection(SolutionProperties) = preSolution
		HideSolutionNode = FALSE
	EndGlobalSection
	GlobalSection(ExtensibilityGlobals) = postSolution
		SolutionGuid = {07A367D9-93E8-4434-A34D-821A5E772714}
	EndGlobalSection
EndGlobal
